
Microsoft Visual Studio Solution File, Format Version 12.00
# Visual Studio Version 16
VisualStudioVersion = 16.0.29911.84
MinimumVisualStudioVersion = 10.0.40219.1
Project("{FAE04EC0-301F-11D3-BF4B-00C04F79EFBC}") = "PasajeDatosClase06Oct", "PasajeDatosClase06Oct\PasajeDatosClase06Oct.csproj", "{A84A328C-2B23-4681-A3D3-0D23902CB49C}"
EndProject
Project("{FAE04EC0-301F-11D3-BF4B-00C04F79EFBC}") = "Business", "Business\Business.csproj", "{78BA0DD3-FB9A-4F80-ADD5-ECCFE3F4C7D2}"
EndProject
Global
	GlobalSection(SolutionConfigurationPlatforms) = preSolution
		Debug|Any CPU = Debug|Any CPU
		Release|Any CPU = Release|Any CPU
	EndGlobalSection
	GlobalSection(ProjectConfigurationPlatforms) = postSolution
		{A84A328C-2B23-4681-A3D3-0D23902CB49C}.Debug|Any CPU.ActiveCfg = Debug|Any CPU
		{A84A328C-2B23-4681-A3D3-0D23902CB49C}.Debug|Any CPU.Build.0 = Debug|Any CPU
		{A84A328C-2B23-4681-A3D3-0D23902CB49C}.Release|Any CPU.ActiveCfg = Release|Any CPU
		{A84A328C-2B23-4681-A3D3-0D23902CB49C}.Release|Any CPU.Build.0 = Release|Any CPU
		{78BA0DD3-FB9A-4F80-ADD5-ECCFE3F4C7D2}.Debug|Any CPU.ActiveCfg = Debug|Any CPU
		{78BA0DD3-FB9A-4F80-ADD5-ECCFE3F4C7D2}.Debug|Any CPU.Build.0 = Debug|Any CPU
		{78BA0DD3-FB9A-4F80-ADD5-ECCFE3F4C7D2}.Release|Any CPU.ActiveCfg = Release|Any CPU
		{78BA0DD3-FB9A-4F80-ADD5-ECCFE3F4C7D2}.Release|Any CPU.Build.0 = Release|Any CPU
	EndGlobalSection
	GlobalSection(SolutionProperties) = preSolution
		HideSolutionNode = FALSE
	EndGlobalSection
	GlobalSection(ExtensibilityGlobals) = postSolution
		SolutionGuid = {E0FC1ACD-2B04-46E1-B65B-76AE7ECB6E13}
	EndGlobalSection
EndGlobal
